- name: 'check if sites-available/{{ vhost }}.j2 exists'
  stat:
    path: '{{ working_dir }}/sites-available/{{ vhost }}.j2'
  register: vhost_config
- name: 'setup nginx server block for {{ vhost }}'
  block:
    - name: 'fetch sites-available/{{ vhost }}.j2 from server'
      fetch:
        src: '{{ working_dir }}/sites-available/{{ vhost }}.j2'
        dest: '/tmp/{{ vhost }}.j2'
        flat: yes
        fail_on_missing : yes
    - name: 'write /etc/nginx/sites-enabled/{{ vhost }} from {{ working_dir }}/sites-available/{{ vhost }}.j2'
      template:
        src: '/tmp/{{ vhost }}.j2'
        dest: '{{ root_dir }}/etc/nginx/sites-available/{{ vhost }}'
  when: vhost_config.stat.isdir is defined and not vhost_config.stat.isdir
- name: 'reload nginx for {{ vhost }}'
  shell: docker exec -it proyek3-nginx nginx -s reload
- name: wait for nginx to start
  wait_for:
    port: 80
